{
  "name": "MCS-CALCULADORA",
  "lockfileVersion": 3,
  "requires": true,
  "packages": {
    "": {
      "dependencies": {
        "@zip.js/zip.js": "2.18.2"
      }
    },
    "node_modules/@zip.js/zip.js": {
      "version": "2.18.2",
      "resolved": "https://registry.npmjs.org/@zip.js/zip.js/-/zip.js-2.18.2.tgz",
      "integrity": "sha512-J1jwg0Kv5Aab50VlVZ6hp2rzGL/J0YLjBnkF6oJoIjmpxx9+tHgjRELGKryKnDZEcGXKjv7ibwxAziFiWHdR2A==",
      "license": "BSD-3-Clause",
      "engines": {
        "bun": ">=0.7.0",
        "deno": ">=1.0.0",
        "node": ">=18.0.0"
      }
    }
  }
}
